
Microsoft Visual Studio Solution File, Format Version 12.00
# Visual Studio Version 16
VisualStudioVersion = 16.0.31424.327
MinimumVisualStudioVersion = 10.0.40219.1
Project("{FAE04EC0-301F-11D3-BF4B-00C04F79EFBC}") = "DealDouble.Web", "DealDouble.Web\DealDouble.Web.csproj", "{9904410F-AC60-40AB-AECC-60E4F26DE86F}"
EndProject
Project("{FAE04EC0-301F-11D3-BF4B-00C04F79EFBC}") = "DealDouble.Entities", "DealDouble.Entities\DealDouble.Entities.csproj", "{393F59BA-39EF-4A6B-BB18-D09E5D9A055D}"
EndProject
Project("{FAE04EC0-301F-11D3-BF4B-00C04F79EFBC}") = "DealDouble.Data", "DealDouble.Data\DealDouble.Data.csproj", "{CDE7D016-D4BF-4B8B-9202-989B9DFB2096}"
EndProject
Global
	GlobalSection(SolutionConfigurationPlatforms) = preSolution
		Debug|Any CPU = Debug|Any CPU
		Release|Any CPU = Release|Any CPU
	EndGlobalSection
	GlobalSection(ProjectConfigurationPlatforms) = postSolution
		{9904410F-AC60-40AB-AECC-60E4F26DE86F}.Debug|Any CPU.ActiveCfg = Debug|Any CPU
		{9904410F-AC60-40AB-AECC-60E4F26DE86F}.Debug|Any CPU.Build.0 = Debug|Any CPU
		{9904410F-AC60-40AB-AECC-60E4F26DE86F}.Release|Any CPU.ActiveCfg = Release|Any CPU
		{9904410F-AC60-40AB-AECC-60E4F26DE86F}.Release|Any CPU.Build.0 = Release|Any CPU
		{393F59BA-39EF-4A6B-BB18-D09E5D9A055D}.Debug|Any CPU.ActiveCfg = Debug|Any CPU
		{393F59BA-39EF-4A6B-BB18-D09E5D9A055D}.Debug|Any CPU.Build.0 = Debug|Any CPU
		{393F59BA-39EF-4A6B-BB18-D09E5D9A055D}.Release|Any CPU.ActiveCfg = Release|Any CPU
		{393F59BA-39EF-4A6B-BB18-D09E5D9A055D}.Release|Any CPU.Build.0 = Release|Any CPU
		{CDE7D016-D4BF-4B8B-9202-989B9DFB2096}.Debug|Any CPU.ActiveCfg = Debug|Any CPU
		{CDE7D016-D4BF-4B8B-9202-989B9DFB2096}.Debug|Any CPU.Build.0 = Debug|Any CPU
		{CDE7D016-D4BF-4B8B-9202-989B9DFB2096}.Release|Any CPU.ActiveCfg = Release|Any CPU
		{CDE7D016-D4BF-4B8B-9202-989B9DFB2096}.Release|Any CPU.Build.0 = Release|Any CPU
	EndGlobalSection
	GlobalSection(SolutionProperties) = preSolution
		HideSolutionNode = FALSE
	EndGlobalSection
	GlobalSection(ExtensibilityGlobals) = postSolution
		SolutionGuid = {379A29CC-6B7D-471D-A57C-C55EB23000BC}
	EndGlobalSection
EndGlobal
